
Microsoft Visual Studio Solution File, Format Version 11.00
# Visual Studio 2010
Project("{F088123C-0E9E-452A-89E6-6BA2F21D5CAC}") = "ClassDiagram_01", "ClassDiagram_01\ClassDiagram_01.modelproj", "{5EE804C9-7360-4788-963C-422853CB0C67}"
EndProject
Project("{FAE04EC0-301F-11D3-BF4B-00C04F79EFBC}") = "ClassDiagram_01Lib", "ClassDiagram_01Lib\ClassDiagram_01Lib.csproj", "{118FA6E4-B4B4-4796-8EAC-D1A1F77A9B3B}"
EndProject
Project("{FAE04EC0-301F-11D3-BF4B-00C04F79EFBC}") = "TextAdventureCode_01", "TextAdventureCode_01\TextAdventureCode_01.csproj", "{13DBD575-D6EC-44D1-AD44-A21DE9AF6749}"
EndProject
Global
	GlobalSection(SolutionConfigurationPlatforms) = preSolution
		Debug|Any CPU = Debug|Any CPU
		Debug|Mixed Platforms = Debug|Mixed Platforms
		Debug|x86 = Debug|x86
		Release|Any CPU = Release|Any CPU
		Release|Mixed Platforms = Release|Mixed Platforms
		Release|x86 = Release|x86
	EndGlobalSection
	GlobalSection(ProjectConfigurationPlatforms) = postSolution
		{5EE804C9-7360-4788-963C-422853CB0C67}.Debug|Any CPU.ActiveCfg = Debug|Any CPU
		{5EE804C9-7360-4788-963C-422853CB0C67}.Debug|Any CPU.Build.0 = Debug|Any CPU
		{5EE804C9-7360-4788-963C-422853CB0C67}.Debug|Mixed Platforms.ActiveCfg = Debug|Any CPU
		{5EE804C9-7360-4788-963C-422853CB0C67}.Debug|Mixed Platforms.Build.0 = Debug|Any CPU
		{5EE804C9-7360-4788-963C-422853CB0C67}.Debug|x86.ActiveCfg = Debug|Any CPU
		{5EE804C9-7360-4788-963C-422853CB0C67}.Release|Any CPU.ActiveCfg = Release|Any CPU
		{5EE804C9-7360-4788-963C-422853CB0C67}.Release|Any CPU.Build.0 = Release|Any CPU
		{5EE804C9-7360-4788-963C-422853CB0C67}.Release|Mixed Platforms.ActiveCfg = Release|Any CPU
		{5EE804C9-7360-4788-963C-422853CB0C67}.Release|Mixed Platforms.Build.0 = Release|Any CPU
		{5EE804C9-7360-4788-963C-422853CB0C67}.Release|x86.ActiveCfg = Release|Any CPU
		{118FA6E4-B4B4-4796-8EAC-D1A1F77A9B3B}.Debug|Any CPU.ActiveCfg = Debug|Any CPU
		{118FA6E4-B4B4-4796-8EAC-D1A1F77A9B3B}.Debug|Any CPU.Build.0 = Debug|Any CPU
		{118FA6E4-B4B4-4796-8EAC-D1A1F77A9B3B}.Debug|Mixed Platforms.ActiveCfg = Debug|Any CPU
		{118FA6E4-B4B4-4796-8EAC-D1A1F77A9B3B}.Debug|Mixed Platforms.Build.0 = Debug|Any CPU
		{118FA6E4-B4B4-4796-8EAC-D1A1F77A9B3B}.Debug|x86.ActiveCfg = Debug|Any CPU
		{118FA6E4-B4B4-4796-8EAC-D1A1F77A9B3B}.Release|Any CPU.ActiveCfg = Release|Any CPU
		{118FA6E4-B4B4-4796-8EAC-D1A1F77A9B3B}.Release|Any CPU.Build.0 = Release|Any CPU
		{118FA6E4-B4B4-4796-8EAC-D1A1F77A9B3B}.Release|Mixed Platforms.ActiveCfg = Release|Any CPU
		{118FA6E4-B4B4-4796-8EAC-D1A1F77A9B3B}.Release|Mixed Platforms.Build.0 = Release|Any CPU
		{118FA6E4-B4B4-4796-8EAC-D1A1F77A9B3B}.Release|x86.ActiveCfg = Release|Any CPU
		{13DBD575-D6EC-44D1-AD44-A21DE9AF6749}.Debug|Any CPU.ActiveCfg = Debug|x86
		{13DBD575-D6EC-44D1-AD44-A21DE9AF6749}.Debug|Mixed Platforms.ActiveCfg = Debug|x86
		{13DBD575-D6EC-44D1-AD44-A21DE9AF6749}.Debug|Mixed Platforms.Build.0 = Debug|x86
		{13DBD575-D6EC-44D1-AD44-A21DE9AF6749}.Debug|x86.ActiveCfg = Debug|x86
		{13DBD575-D6EC-44D1-AD44-A21DE9AF6749}.Debug|x86.Build.0 = Debug|x86
		{13DBD575-D6EC-44D1-AD44-A21DE9AF6749}.Release|Any CPU.ActiveCfg = Release|x86
		{13DBD575-D6EC-44D1-AD44-A21DE9AF6749}.Release|Mixed Platforms.ActiveCfg = Release|x86
		{13DBD575-D6EC-44D1-AD44-A21DE9AF6749}.Release|Mixed Platforms.Build.0 = Release|x86
		{13DBD575-D6EC-44D1-AD44-A21DE9AF6749}.Release|x86.ActiveCfg = Release|x86
		{13DBD575-D6EC-44D1-AD44-A21DE9AF6749}.Release|x86.Build.0 = Release|x86
	EndGlobalSection
	GlobalSection(SolutionProperties) = preSolution
		HideSolutionNode = FALSE
	EndGlobalSection
EndGlobal
