
Microsoft Visual Studio Solution File, Format Version 11.00
# Visual Studio 2010
Project("{F088123C-0E9E-452A-89E6-6BA2F21D5CAC}") = "TextAdventureDiagrams", "TextAdventureDiagrams\TextAdventureDiagrams.modelproj", "{E67FE40F-8BC9-45D3-938C-A397ECE5478D}"
EndProject
Project("{FAE04EC0-301F-11D3-BF4B-00C04F79EFBC}") = "TextAdventureDiagramsLib", "TextAdventureDiagramsLib\TextAdventureDiagramsLib.csproj", "{6EEBADFC-F2A0-4F7E-AD9D-3BBBADEF7C13}"
EndProject
Project("{FAE04EC0-301F-11D3-BF4B-00C04F79EFBC}") = "TextAdventure_01", "TextAdventure_01\TextAdventure_01.csproj", "{521C771C-003A-4B48-B5B1-20D18817841E}"
EndProject
Global
	GlobalSection(SolutionConfigurationPlatforms) = preSolution
		Debug|Any CPU = Debug|Any CPU
		Debug|Mixed Platforms = Debug|Mixed Platforms
		Debug|x86 = Debug|x86
		Release|Any CPU = Release|Any CPU
		Release|Mixed Platforms = Release|Mixed Platforms
		Release|x86 = Release|x86
	EndGlobalSection
	GlobalSection(ProjectConfigurationPlatforms) = postSolution
		{E67FE40F-8BC9-45D3-938C-A397ECE5478D}.Debug|Any CPU.ActiveCfg = Debug|Any CPU
		{E67FE40F-8BC9-45D3-938C-A397ECE5478D}.Debug|Any CPU.Build.0 = Debug|Any CPU
		{E67FE40F-8BC9-45D3-938C-A397ECE5478D}.Debug|Mixed Platforms.ActiveCfg = Debug|Any CPU
		{E67FE40F-8BC9-45D3-938C-A397ECE5478D}.Debug|Mixed Platforms.Build.0 = Debug|Any CPU
		{E67FE40F-8BC9-45D3-938C-A397ECE5478D}.Debug|x86.ActiveCfg = Debug|Any CPU
		{E67FE40F-8BC9-45D3-938C-A397ECE5478D}.Release|Any CPU.ActiveCfg = Release|Any CPU
		{E67FE40F-8BC9-45D3-938C-A397ECE5478D}.Release|Any CPU.Build.0 = Release|Any CPU
		{E67FE40F-8BC9-45D3-938C-A397ECE5478D}.Release|Mixed Platforms.ActiveCfg = Release|Any CPU
		{E67FE40F-8BC9-45D3-938C-A397ECE5478D}.Release|Mixed Platforms.Build.0 = Release|Any CPU
		{E67FE40F-8BC9-45D3-938C-A397ECE5478D}.Release|x86.ActiveCfg = Release|Any CPU
		{6EEBADFC-F2A0-4F7E-AD9D-3BBBADEF7C13}.Debug|Any CPU.ActiveCfg = Debug|Any CPU
		{6EEBADFC-F2A0-4F7E-AD9D-3BBBADEF7C13}.Debug|Any CPU.Build.0 = Debug|Any CPU
		{6EEBADFC-F2A0-4F7E-AD9D-3BBBADEF7C13}.Debug|Mixed Platforms.ActiveCfg = Debug|Any CPU
		{6EEBADFC-F2A0-4F7E-AD9D-3BBBADEF7C13}.Debug|Mixed Platforms.Build.0 = Debug|Any CPU
		{6EEBADFC-F2A0-4F7E-AD9D-3BBBADEF7C13}.Debug|x86.ActiveCfg = Debug|Any CPU
		{6EEBADFC-F2A0-4F7E-AD9D-3BBBADEF7C13}.Release|Any CPU.ActiveCfg = Release|Any CPU
		{6EEBADFC-F2A0-4F7E-AD9D-3BBBADEF7C13}.Release|Any CPU.Build.0 = Release|Any CPU
		{6EEBADFC-F2A0-4F7E-AD9D-3BBBADEF7C13}.Release|Mixed Platforms.ActiveCfg = Release|Any CPU
		{6EEBADFC-F2A0-4F7E-AD9D-3BBBADEF7C13}.Release|Mixed Platforms.Build.0 = Release|Any CPU
		{6EEBADFC-F2A0-4F7E-AD9D-3BBBADEF7C13}.Release|x86.ActiveCfg = Release|Any CPU
		{521C771C-003A-4B48-B5B1-20D18817841E}.Debug|Any CPU.ActiveCfg = Debug|x86
		{521C771C-003A-4B48-B5B1-20D18817841E}.Debug|Mixed Platforms.ActiveCfg = Debug|x86
		{521C771C-003A-4B48-B5B1-20D18817841E}.Debug|Mixed Platforms.Build.0 = Debug|x86
		{521C771C-003A-4B48-B5B1-20D18817841E}.Debug|x86.ActiveCfg = Debug|x86
		{521C771C-003A-4B48-B5B1-20D18817841E}.Debug|x86.Build.0 = Debug|x86
		{521C771C-003A-4B48-B5B1-20D18817841E}.Release|Any CPU.ActiveCfg = Release|x86
		{521C771C-003A-4B48-B5B1-20D18817841E}.Release|Mixed Platforms.ActiveCfg = Release|x86
		{521C771C-003A-4B48-B5B1-20D18817841E}.Release|Mixed Platforms.Build.0 = Release|x86
		{521C771C-003A-4B48-B5B1-20D18817841E}.Release|x86.ActiveCfg = Release|x86
		{521C771C-003A-4B48-B5B1-20D18817841E}.Release|x86.Build.0 = Release|x86
	EndGlobalSection
	GlobalSection(SolutionProperties) = preSolution
		HideSolutionNode = FALSE
	EndGlobalSection
EndGlobal
