
Microsoft Visual Studio Solution File, Format Version 11.00
# Visual Studio 2010
Project("{F088123C-0E9E-452A-89E6-6BA2F21D5CAC}") = "CourseWorkDiagrams_01", "CourseWorkDiagrams_01\CourseWorkDiagrams_01.modelproj", "{6B0138C1-36AE-4CCB-914F-2ED1B945FE49}"
EndProject
Project("{F088123C-0E9E-452A-89E6-6BA2F21D5CAC}") = "CourseWorkDiagrams_02", "CourseWorkDiagrams_02\CourseWorkDiagrams_02.modelproj", "{8D898C14-20C9-4CD7-BAE2-F396D6A1CE9D}"
EndProject
Global
	GlobalSection(SolutionConfigurationPlatforms) = preSolution
		Debug|Any CPU = Debug|Any CPU
		Release|Any CPU = Release|Any CPU
	EndGlobalSection
	GlobalSection(ProjectConfigurationPlatforms) = postSolution
		{6B0138C1-36AE-4CCB-914F-2ED1B945FE49}.Debug|Any CPU.ActiveCfg = Debug|Any CPU
		{6B0138C1-36AE-4CCB-914F-2ED1B945FE49}.Debug|Any CPU.Build.0 = Debug|Any CPU
		{6B0138C1-36AE-4CCB-914F-2ED1B945FE49}.Release|Any CPU.ActiveCfg = Release|Any CPU
		{6B0138C1-36AE-4CCB-914F-2ED1B945FE49}.Release|Any CPU.Build.0 = Release|Any CPU
		{8D898C14-20C9-4CD7-BAE2-F396D6A1CE9D}.Debug|Any CPU.ActiveCfg = Debug|Any CPU
		{8D898C14-20C9-4CD7-BAE2-F396D6A1CE9D}.Debug|Any CPU.Build.0 = Debug|Any CPU
		{8D898C14-20C9-4CD7-BAE2-F396D6A1CE9D}.Release|Any CPU.ActiveCfg = Release|Any CPU
		{8D898C14-20C9-4CD7-BAE2-F396D6A1CE9D}.Release|Any CPU.Build.0 = Release|Any CPU
	EndGlobalSection
	GlobalSection(SolutionProperties) = preSolution
		HideSolutionNode = FALSE
	EndGlobalSection
EndGlobal
